
Microsoft Visual Studio Solution File, Format Version 12.00
# Visual Studio Version 17
VisualStudioVersion = 17.5.33516.290
MinimumVisualStudioVersion = 10.0.40219.1
Project("{FAE04EC0-301F-11D3-BF4B-00C04F79EFBC}") = "CalculadoraUWU.Android", "CalculadoraUWU.Android\CalculadoraUWU.Android.csproj", "{319E314F-77A2-47C4-A1D7-2799EA1A9B69}"
EndProject
Project("{FAE04EC0-301F-11D3-BF4B-00C04F79EFBC}") = "CalculadoraUWU.iOS", "CalculadoraUWU.iOS\CalculadoraUWU.iOS.csproj", "{36B9CB73-39E1-4D0B-B315-347C16F86C42}"
EndProject
Project("{FAE04EC0-301F-11D3-BF4B-00C04F79EFBC}") = "CalculadoraUWU", "CalculadoraUWU\CalculadoraUWU.csproj", "{96BC0830-A9CF-4E28-9EDB-A5BA4E0C1E99}"
EndProject
Global
	GlobalSection(SolutionConfigurationPlatforms) = preSolution
		Debug|Any CPU = Debug|Any CPU
		Debug|iPhone = Debug|iPhone
		Debug|iPhoneSimulator = Debug|iPhoneSimulator
		Release|Any CPU = Release|Any CPU
		Release|iPhone = Release|iPhone
		Release|iPhoneSimulator = Release|iPhoneSimulator
	EndGlobalSection
	GlobalSection(ProjectConfigurationPlatforms) = postSolution
		{319E314F-77A2-47C4-A1D7-2799EA1A9B69}.Debug|Any CPU.ActiveCfg = Debug|Any CPU
		{319E314F-77A2-47C4-A1D7-2799EA1A9B69}.Debug|Any CPU.Build.0 = Debug|Any CPU
		{319E314F-77A2-47C4-A1D7-2799EA1A9B69}.Debug|Any CPU.Deploy.0 = Debug|Any CPU
		{319E314F-77A2-47C4-A1D7-2799EA1A9B69}.Debug|iPhone.ActiveCfg = Debug|Any CPU
		{319E314F-77A2-47C4-A1D7-2799EA1A9B69}.Debug|iPhone.Build.0 = Debug|Any CPU
		{319E314F-77A2-47C4-A1D7-2799EA1A9B69}.Debug|iPhone.Deploy.0 = Debug|Any CPU
		{319E314F-77A2-47C4-A1D7-2799EA1A9B69}.Debug|iPhoneSimulator.ActiveCfg = Debug|Any CPU
		{319E314F-77A2-47C4-A1D7-2799EA1A9B69}.Debug|iPhoneSimulator.Build.0 = Debug|Any CPU
		{319E314F-77A2-47C4-A1D7-2799EA1A9B69}.Debug|iPhoneSimulator.Deploy.0 = Debug|Any CPU
		{319E314F-77A2-47C4-A1D7-2799EA1A9B69}.Release|Any CPU.ActiveCfg = Release|Any CPU
		{319E314F-77A2-47C4-A1D7-2799EA1A9B69}.Release|Any CPU.Build.0 = Release|Any CPU
		{319E314F-77A2-47C4-A1D7-2799EA1A9B69}.Release|Any CPU.Deploy.0 = Release|Any CPU
		{319E314F-77A2-47C4-A1D7-2799EA1A9B69}.Release|iPhone.ActiveCfg = Release|Any CPU
		{319E314F-77A2-47C4-A1D7-2799EA1A9B69}.Release|iPhone.Build.0 = Release|Any CPU
		{319E314F-77A2-47C4-A1D7-2799EA1A9B69}.Release|iPhone.Deploy.0 = Release|Any CPU
		{319E314F-77A2-47C4-A1D7-2799EA1A9B69}.Release|iPhoneSimulator.ActiveCfg = Release|Any CPU
		{319E314F-77A2-47C4-A1D7-2799EA1A9B69}.Release|iPhoneSimulator.Build.0 = Release|Any CPU
		{319E314F-77A2-47C4-A1D7-2799EA1A9B69}.Release|iPhoneSimulator.Deploy.0 = Release|Any CPU
		{36B9CB73-39E1-4D0B-B315-347C16F86C42}.Debug|Any CPU.ActiveCfg = Debug|iPhone
		{36B9CB73-39E1-4D0B-B315-347C16F86C42}.Debug|Any CPU.Build.0 = Debug|iPhone
		{36B9CB73-39E1-4D0B-B315-347C16F86C42}.Debug|Any CPU.Deploy.0 = Debug|iPhone
		{36B9CB73-39E1-4D0B-B315-347C16F86C42}.Debug|iPhone.ActiveCfg = Debug|iPhone
		{36B9CB73-39E1-4D0B-B315-347C16F86C42}.Debug|iPhone.Build.0 = Debug|iPhone
		{36B9CB73-39E1-4D0B-B315-347C16F86C42}.Debug|iPhone.Deploy.0 = Debug|iPhone
		{36B9CB73-39E1-4D0B-B315-347C16F86C42}.Debug|iPhoneSimulator.ActiveCfg = Debug|iPhoneSimulator
		{36B9CB73-39E1-4D0B-B315-347C16F86C42}.Debug|iPhoneSimulator.Build.0 = Debug|iPhoneSimulator
		{36B9CB73-39E1-4D0B-B315-347C16F86C42}.Debug|iPhoneSimulator.Deploy.0 = Debug|iPhoneSimulator
		{36B9CB73-39E1-4D0B-B315-347C16F86C42}.Release|Any CPU.ActiveCfg = Release|iPhoneSimulator
		{36B9CB73-39E1-4D0B-B315-347C16F86C42}.Release|Any CPU.Build.0 = Release|iPhoneSimulator
		{36B9CB73-39E1-4D0B-B315-347C16F86C42}.Release|Any CPU.Deploy.0 = Release|iPhoneSimulator
		{36B9CB73-39E1-4D0B-B315-347C16F86C42}.Release|iPhone.ActiveCfg = Release|iPhone
		{36B9CB73-39E1-4D0B-B315-347C16F86C42}.Release|iPhone.Build.0 = Release|iPhone
		{36B9CB73-39E1-4D0B-B315-347C16F86C42}.Release|iPhone.Deploy.0 = Release|iPhone
		{36B9CB73-39E1-4D0B-B315-347C16F86C42}.Release|iPhoneSimulator.ActiveCfg = Release|iPhoneSimulator
		{36B9CB73-39E1-4D0B-B315-347C16F86C42}.Release|iPhoneSimulator.Build.0 = Release|iPhoneSimulator
		{36B9CB73-39E1-4D0B-B315-347C16F86C42}.Release|iPhoneSimulator.Deploy.0 = Release|iPhoneSimulator
		{96BC0830-A9CF-4E28-9EDB-A5BA4E0C1E99}.Debug|Any CPU.ActiveCfg = Debug|Any CPU
		{96BC0830-A9CF-4E28-9EDB-A5BA4E0C1E99}.Debug|Any CPU.Build.0 = Debug|Any CPU
		{96BC0830-A9CF-4E28-9EDB-A5BA4E0C1E99}.Debug|Any CPU.Deploy.0 = Debug|Any CPU
		{96BC0830-A9CF-4E28-9EDB-A5BA4E0C1E99}.Debug|iPhone.ActiveCfg = Debug|Any CPU
		{96BC0830-A9CF-4E28-9EDB-A5BA4E0C1E99}.Debug|iPhone.Build.0 = Debug|Any CPU
		{96BC0830-A9CF-4E28-9EDB-A5BA4E0C1E99}.Debug|iPhone.Deploy.0 = Debug|Any CPU
		{96BC0830-A9CF-4E28-9EDB-A5BA4E0C1E99}.Debug|iPhoneSimulator.ActiveCfg = Debug|Any CPU
		{96BC0830-A9CF-4E28-9EDB-A5BA4E0C1E99}.Debug|iPhoneSimulator.Build.0 = Debug|Any CPU
		{96BC0830-A9CF-4E28-9EDB-A5BA4E0C1E99}.Debug|iPhoneSimulator.Deploy.0 = Debug|Any CPU
		{96BC0830-A9CF-4E28-9EDB-A5BA4E0C1E99}.Release|Any CPU.ActiveCfg = Release|Any CPU
		{96BC0830-A9CF-4E28-9EDB-A5BA4E0C1E99}.Release|Any CPU.Build.0 = Release|Any CPU
		{96BC0830-A9CF-4E28-9EDB-A5BA4E0C1E99}.Release|Any CPU.Deploy.0 = Release|Any CPU
		{96BC0830-A9CF-4E28-9EDB-A5BA4E0C1E99}.Release|iPhone.ActiveCfg = Release|Any CPU
		{96BC0830-A9CF-4E28-9EDB-A5BA4E0C1E99}.Release|iPhone.Build.0 = Release|Any CPU
		{96BC0830-A9CF-4E28-9EDB-A5BA4E0C1E99}.Release|iPhone.Deploy.0 = Release|Any CPU
		{96BC0830-A9CF-4E28-9EDB-A5BA4E0C1E99}.Release|iPhoneSimulator.ActiveCfg = Release|Any CPU
		{96BC0830-A9CF-4E28-9EDB-A5BA4E0C1E99}.Release|iPhoneSimulator.Build.0 = Release|Any CPU
		{96BC0830-A9CF-4E28-9EDB-A5BA4E0C1E99}.Release|iPhoneSimulator.Deploy.0 = Release|Any CPU
	EndGlobalSection
	GlobalSection(SolutionProperties) = preSolution
		HideSolutionNode = FALSE
	EndGlobalSection
	GlobalSection(ExtensibilityGlobals) = postSolution
		SolutionGuid = {878A20BA-74B6-45F9-AD7D-5AA140472F21}
	EndGlobalSection
EndGlobal
